
Microsoft Visual Studio Solution File, Format Version 12.00
# Visual Studio Version 17
VisualStudioVersion = 17.10.35122.118
MinimumVisualStudioVersion = 10.0.40219.1
Project("{9A19103F-16F7-4668-BE54-9A1E7A4F7556}") = "CompanyManagement.Core", "CompanyManagement.Core\CompanyManagement.Core.csproj", "{080F5A7A-E710-4D8B-9E4C-674F31ACD451}"
EndProject
Project("{9A19103F-16F7-4668-BE54-9A1E7A4F7556}") = "CompanyManagement.Services", "CompanyManagement.Services\CompanyManagement.Services.csproj", "{5392E6E8-BD0E-4C59-A392-C31E3D9EAACE}"
EndProject
Project("{9A19103F-16F7-4668-BE54-9A1E7A4F7556}") = "CompanyManagement.WebApi", "CompanyManagement.WebApi\CompanyManagement.WebApi.csproj", "{D4258E94-1E3B-437F-8095-7DB0D9D4F361}"
EndProject
Project("{9A19103F-16F7-4668-BE54-9A1E7A4F7556}") = "CompanyManagement.Infrastructure", "CompanyManagement.Infrastructure\CompanyManagement.Infrastructure.csproj", "{D176FCF7-D820-425F-A8C5-6138A9B707EC}"
EndProject
Global
	GlobalSection(SolutionConfigurationPlatforms) = preSolution
		Debug|Any CPU = Debug|Any CPU
		Release|Any CPU = Release|Any CPU
	EndGlobalSection
	GlobalSection(ProjectConfigurationPlatforms) = postSolution
		{080F5A7A-E710-4D8B-9E4C-674F31ACD451}.Debug|Any CPU.ActiveCfg = Debug|Any CPU
		{080F5A7A-E710-4D8B-9E4C-674F31ACD451}.Debug|Any CPU.Build.0 = Debug|Any CPU
		{080F5A7A-E710-4D8B-9E4C-674F31ACD451}.Release|Any CPU.ActiveCfg = Release|Any CPU
		{080F5A7A-E710-4D8B-9E4C-674F31ACD451}.Release|Any CPU.Build.0 = Release|Any CPU
		{5392E6E8-BD0E-4C59-A392-C31E3D9EAACE}.Debug|Any CPU.ActiveCfg = Debug|Any CPU
		{5392E6E8-BD0E-4C59-A392-C31E3D9EAACE}.Debug|Any CPU.Build.0 = Debug|Any CPU
		{5392E6E8-BD0E-4C59-A392-C31E3D9EAACE}.Release|Any CPU.ActiveCfg = Release|Any CPU
		{5392E6E8-BD0E-4C59-A392-C31E3D9EAACE}.Release|Any CPU.Build.0 = Release|Any CPU
		{D4258E94-1E3B-437F-8095-7DB0D9D4F361}.Debug|Any CPU.ActiveCfg = Debug|Any CPU
		{D4258E94-1E3B-437F-8095-7DB0D9D4F361}.Debug|Any CPU.Build.0 = Debug|Any CPU
		{D4258E94-1E3B-437F-8095-7DB0D9D4F361}.Release|Any CPU.ActiveCfg = Release|Any CPU
		{D4258E94-1E3B-437F-8095-7DB0D9D4F361}.Release|Any CPU.Build.0 = Release|Any CPU
		{D176FCF7-D820-425F-A8C5-6138A9B707EC}.Debug|Any CPU.ActiveCfg = Debug|Any CPU
		{D176FCF7-D820-425F-A8C5-6138A9B707EC}.Debug|Any CPU.Build.0 = Debug|Any CPU
		{D176FCF7-D820-425F-A8C5-6138A9B707EC}.Release|Any CPU.ActiveCfg = Release|Any CPU
		{D176FCF7-D820-425F-A8C5-6138A9B707EC}.Release|Any CPU.Build.0 = Release|Any CPU
	EndGlobalSection
	GlobalSection(SolutionProperties) = preSolution
		HideSolutionNode = FALSE
	EndGlobalSection
	GlobalSection(ExtensibilityGlobals) = postSolution
		SolutionGuid = {E670C8E8-1C9B-4FF1-8AF3-49470A3ED9C1}
	EndGlobalSection
EndGlobal
